// !$*UTF8*$!
{
	archiveVersion = 1;
	classes = {
	};
	objectVersion = 56;
	objects = {

/* Begin PBXBuildFile section */
		8615F1272BC6841A00586AB9 /* ShapesSwiftUI.swift in Sources */ = {isa = PBXBuildFile; fileRef = 8615F1262BC6841A00586AB9 /* ShapesSwiftUI.swift */; };
		8615F1292BC6AB2500586AB9 /* ColorSwiftUI.swift in Sources */ = {isa = PBXBuildFile; fileRef = 8615F1282BC6AB2500586AB9 /* ColorSwiftUI.swift */; };
		8619FFDD2BCD671F00A5684B /* IconSwiftUI.swift in Sources */ = {isa = PBXBuildFile; fileRef = 8619FFDC2BCD671F00A5684B /* IconSwiftUI.swift */; };
		8619FFDF2BCE659F00A5684B /* ImageSwiftUI.swift in Sources */ = {isa = PBXBuildFile; fileRef = 8619FFDE2BCE659F00A5684B /* ImageSwiftUI.swift */; };
		8619FFE12BCE70BD00A5684B /* FrameSwiftUI.swift in Sources */ = {isa = PBXBuildFile; fileRef = 8619FFE02BCE70BD00A5684B /* FrameSwiftUI.swift */; };
		8619FFE32BCE8AE300A5684B /* BackgroundAndOverlaySwiftUI.swift in Sources */ = {isa = PBXBuildFile; fileRef = 8619FFE22BCE8AE300A5684B /* BackgroundAndOverlaySwiftUI.swift */; };
		8619FFE52BCEABCB00A5684B /* StacksSwiftUI.swift in Sources */ = {isa = PBXBuildFile; fileRef = 8619FFE42BCEABCB00A5684B /* StacksSwiftUI.swift */; };
		8619FFE92BD1261C00A5684B /* PaddingSwiftUI.swift in Sources */ = {isa = PBXBuildFile; fileRef = 8619FFE82BD1261C00A5684B /* PaddingSwiftUI.swift */; };
		8619FFEB2BD1263D00A5684B /* SpacerSwiftUI.swift in Sources */ = {isa = PBXBuildFile; fileRef = 8619FFEA2BD1263D00A5684B /* SpacerSwiftUI.swift */; };
		8619FFED2BD6538C00A5684B /* InitializerSwiftUI.swift in Sources */ = {isa = PBXBuildFile; fileRef = 8619FFEC2BD6538C00A5684B /* InitializerSwiftUI.swift */; };
		8619FFEF2BD669CC00A5684B /* ForEachLoopSwiftUI.swift in Sources */ = {isa = PBXBuildFile; fileRef = 8619FFEE2BD669CB00A5684B /* ForEachLoopSwiftUI.swift */; };
		861A200F2E1EA9FE006F1878 /* PopoverSwiftUI.swift in Sources */ = {isa = PBXBuildFile; fileRef = 861A200E2E1EA9FE006F1878 /* PopoverSwiftUI.swift */; };
		867462062D32709100602AAF /* SafeAreaSwiftUI.swift in Sources */ = {isa = PBXBuildFile; fileRef = 867462052D32709100602AAF /* SafeAreaSwiftUI.swift */; };
		867462082D33DF2400602AAF /* ButtonsSwiftUI.swift in Sources */ = {isa = PBXBuildFile; fileRef = 867462072D33DF2300602AAF /* ButtonsSwiftUI.swift */; };
		867ED6582E17F613004D38C6 /* SheetsSwiftUI.swift in Sources */ = {isa = PBXBuildFile; fileRef = 867ED6572E17F613004D38C6 /* SheetsSwiftUI.swift */; };
		8697E0BC2D42B81E008A31F7 /* StateSwiftUI.swift in Sources */ = {isa = PBXBuildFile; fileRef = 8697E0BB2D42B81E008A31F7 /* StateSwiftUI.swift */; };
		8697E1092D44D8AA008A31F7 /* ExtractedFunctionsSwiftUI.swift in Sources */ = {isa = PBXBuildFile; fileRef = 8697E1082D44D8AA008A31F7 /* ExtractedFunctionsSwiftUI.swift */; };
		8697E10B2D44F0C1008A31F7 /* ExtractSubviewsSwiftUI.swift in Sources */ = {isa = PBXBuildFile; fileRef = 8697E10A2D44F0C1008A31F7 /* ExtractSubviewsSwiftUI.swift */; };
		8697E10D2D4508A3008A31F7 /* BindingSwiftUI.swift in Sources */ = {isa = PBXBuildFile; fileRef = 8697E10C2D4508A3008A31F7 /* BindingSwiftUI.swift */; };
		8697E1252D4A7BF6008A31F7 /* ConditionalStatementSwiftUI.swift in Sources */ = {isa = PBXBuildFile; fileRef = 8697E1242D4A7BF6008A31F7 /* ConditionalStatementSwiftUI.swift */; };
		8697E1272D4A8A7C008A31F7 /* TernarySwiftUI.swift in Sources */ = {isa = PBXBuildFile; fileRef = 8697E1262D4A8A7C008A31F7 /* TernarySwiftUI.swift */; };
		8697E1292D4B99F3008A31F7 /* AnimationSwiftUI.swift in Sources */ = {isa = PBXBuildFile; fileRef = 8697E1282D4B99F3008A31F7 /* AnimationSwiftUI.swift */; };
		8697E12B2D4BAA94008A31F7 /* AnimationTimingSwiftUI.swift in Sources */ = {isa = PBXBuildFile; fileRef = 8697E12A2D4BAA94008A31F7 /* AnimationTimingSwiftUI.swift */; };
		8697E12D2D512AA9008A31F7 /* TransitionSwiftUI.swift in Sources */ = {isa = PBXBuildFile; fileRef = 8697E12C2D512AA9008A31F7 /* TransitionSwiftUI.swift */; };
		869F729B2BC7F26A00B663E6 /* GradientColorSwiftUI.swift in Sources */ = {isa = PBXBuildFile; fileRef = 869F729A2BC7F26A00B663E6 /* GradientColorSwiftUI.swift */; };
		86CE0F902BAC588800EE4CEC /* SwiftUIPracticeProgram1App.swift in Sources */ = {isa = PBXBuildFile; fileRef = 86CE0F8F2BAC588800EE4CEC /* SwiftUIPracticeProgram1App.swift */; };
		86CE0F922BAC588800EE4CEC /* ContentView.swift in Sources */ = {isa = PBXBuildFile; fileRef = 86CE0F912BAC588800EE4CEC /* ContentView.swift */; };
		86CE0F942BAC588A00EE4CEC /* Assets.xcassets in Resources */ = {isa = PBXBuildFile; fileRef = 86CE0F932BAC588A00EE4CEC /* Assets.xcassets */; };
		86CE0F972BAC588A00EE4CEC /* Preview Assets.xcassets in Resources */ = {isa = PBXBuildFile; fileRef = 86CE0F962BAC588A00EE4CEC /* Preview Assets.xcassets */; };
		86CE0F992BAC588A00EE4CEC /* Persistence.swift in Sources */ = {isa = PBXBuildFile; fileRef = 86CE0F982BAC588A00EE4CEC /* Persistence.swift */; };
		86CE0F9C2BAC588A00EE4CEC /* SwiftUIPracticeProgram1.xcdatamodeld in Sources */ = {isa = PBXBuildFile; fileRef = 86CE0F9A2BAC588A00EE4CEC /* SwiftUIPracticeProgram1.xcdatamodeld */; };
		86CE0FA32BAC5D2900EE4CEC /* TextTest.swift in Sources */ = {isa = PBXBuildFile; fileRef = 86CE0FA22BAC5D2900EE4CEC /* TextTest.swift */; };
		86D89D982E20B11D00BEA1C3 /* NavigationViewSwiftUI.swift in Sources */ = {isa = PBXBuildFile; fileRef = 86D89D972E20B11D00BEA1C3 /* NavigationViewSwiftUI.swift */; };
		86D89D9A2E234EEB00BEA1C3 /* ListSwiftUI.swift in Sources */ = {isa = PBXBuildFile; fileRef = 86D89D992E234EEB00BEA1C3 /* ListSwiftUI.swift */; };
		86DAF5C22C29B0A200EED5DB /* ScrollViewSwiftUI.swift in Sources */ = {isa = PBXBuildFile; fileRef = 86DAF5C12C29B0A200EED5DB /* ScrollViewSwiftUI.swift */; };
		86DAF5C42C2AC59000EED5DB /* GridSwiftUI.swift in Sources */ = {isa = PBXBuildFile; fileRef = 86DAF5C32C2AC59000EED5DB /* GridSwiftUI.swift */; };
/* End PBXBuildFile section */

/* Begin PBXFileReference section */
		8615F1262BC6841A00586AB9 /* ShapesSwiftUI.swift */ = {isa = PBXFileReference; lastKnownFileType = sourcecode.swift; path = ShapesSwiftUI.swift; sourceTree = "<group>"; };
		8615F1282BC6AB2500586AB9 /* ColorSwiftUI.swift */ = {isa = PBXFileReference; lastKnownFileType = sourcecode.swift; path = ColorSwiftUI.swift; sourceTree = "<group>"; };
		8619FFDC2BCD671F00A5684B /* IconSwiftUI.swift */ = {isa = PBXFileReference; lastKnownFileType = sourcecode.swift; path = IconSwiftUI.swift; sourceTree = "<group>"; };
		8619FFDE2BCE659F00A5684B /* ImageSwiftUI.swift */ = {isa = PBXFileReference; lastKnownFileType = sourcecode.swift; path = ImageSwiftUI.swift; sourceTree = "<group>"; };
		8619FFE02BCE70BD00A5684B /* FrameSwiftUI.swift */ = {isa = PBXFileReference; lastKnownFileType = sourcecode.swift; path = FrameSwiftUI.swift; sourceTree = "<group>"; };
		8619FFE22BCE8AE300A5684B /* BackgroundAndOverlaySwiftUI.swift */ = {isa = PBXFileReference; lastKnownFileType = sourcecode.swift; path = BackgroundAndOverlaySwiftUI.swift; sourceTree = "<group>"; };
		8619FFE42BCEABCB00A5684B /* StacksSwiftUI.swift */ = {isa = PBXFileReference; lastKnownFileType = sourcecode.swift; path = StacksSwiftUI.swift; sourceTree = "<group>"; };
		8619FFE82BD1261C00A5684B /* PaddingSwiftUI.swift */ = {isa = PBXFileReference; lastKnownFileType = sourcecode.swift; path = PaddingSwiftUI.swift; sourceTree = "<group>"; };
		8619FFEA2BD1263D00A5684B /* SpacerSwiftUI.swift */ = {isa = PBXFileReference; lastKnownFileType = sourcecode.swift; path = SpacerSwiftUI.swift; sourceTree = "<group>"; };
		8619FFEC2BD6538C00A5684B /* InitializerSwiftUI.swift */ = {isa = PBXFileReference; lastKnownFileType = sourcecode.swift; path = InitializerSwiftUI.swift; sourceTree = "<group>"; };
		8619FFEE2BD669CB00A5684B /* ForEachLoopSwiftUI.swift */ = {isa = PBXFileReference; lastKnownFileType = sourcecode.swift; path = ForEachLoopSwiftUI.swift; sourceTree = "<group>"; };
		861A200E2E1EA9FE006F1878 /* PopoverSwiftUI.swift */ = {isa = PBXFileReference; lastKnownFileType = sourcecode.swift; path = PopoverSwiftUI.swift; sourceTree = "<group>"; };
		867462052D32709100602AAF /* SafeAreaSwiftUI.swift */ = {isa = PBXFileReference; lastKnownFileType = sourcecode.swift; path = SafeAreaSwiftUI.swift; sourceTree = "<group>"; };
		867462072D33DF2300602AAF /* ButtonsSwiftUI.swift */ = {isa = PBXFileReference; lastKnownFileType = sourcecode.swift; path = ButtonsSwiftUI.swift; sourceTree = "<group>"; };
		867ED6572E17F613004D38C6 /* SheetsSwiftUI.swift */ = {isa = PBXFileReference; lastKnownFileType = sourcecode.swift; path = SheetsSwiftUI.swift; sourceTree = "<group>"; };
		8697E0BB2D42B81E008A31F7 /* StateSwiftUI.swift */ = {isa = PBXFileReference; lastKnownFileType = sourcecode.swift; path = StateSwiftUI.swift; sourceTree = "<group>"; };
		8697E1082D44D8AA008A31F7 /* ExtractedFunctionsSwiftUI.swift */ = {isa = PBXFileReference; lastKnownFileType = sourcecode.swift; path = ExtractedFunctionsSwiftUI.swift; sourceTree = "<group>"; };
		8697E10A2D44F0C1008A31F7 /* ExtractSubviewsSwiftUI.swift */ = {isa = PBXFileReference; lastKnownFileType = sourcecode.swift; path = ExtractSubviewsSwiftUI.swift; sourceTree = "<group>"; };
		8697E10C2D4508A3008A31F7 /* BindingSwiftUI.swift */ = {isa = PBXFileReference; lastKnownFileType = sourcecode.swift; path = BindingSwiftUI.swift; sourceTree = "<group>"; };
		8697E1242D4A7BF6008A31F7 /* ConditionalStatementSwiftUI.swift */ = {isa = PBXFileReference; lastKnownFileType = sourcecode.swift; path = ConditionalStatementSwiftUI.swift; sourceTree = "<group>"; };
		8697E1262D4A8A7C008A31F7 /* TernarySwiftUI.swift */ = {isa = PBXFileReference; lastKnownFileType = sourcecode.swift; path = TernarySwiftUI.swift; sourceTree = "<group>"; };
		8697E1282D4B99F3008A31F7 /* AnimationSwiftUI.swift */ = {isa = PBXFileReference; lastKnownFileType = sourcecode.swift; path = AnimationSwiftUI.swift; sourceTree = "<group>"; };
		8697E12A2D4BAA94008A31F7 /* AnimationTimingSwiftUI.swift */ = {isa = PBXFileReference; lastKnownFileType = sourcecode.swift; path = AnimationTimingSwiftUI.swift; sourceTree = "<group>"; };
		8697E12C2D512AA9008A31F7 /* TransitionSwiftUI.swift */ = {isa = PBXFileReference; lastKnownFileType = sourcecode.swift; path = TransitionSwiftUI.swift; sourceTree = "<group>"; };
		869F729A2BC7F26A00B663E6 /* GradientColorSwiftUI.swift */ = {isa = PBXFileReference; lastKnownFileType = sourcecode.swift; path = GradientColorSwiftUI.swift; sourceTree = "<group>"; };
		86CE0F8C2BAC588800EE4CEC /* SwiftUIPracticeProgram1.app */ = {isa = PBXFileReference; explicitFileType = wrapper.application; includeInIndex = 0; path = SwiftUIPracticeProgram1.app; sourceTree = BUILT_PRODUCTS_DIR; };
		86CE0F8F2BAC588800EE4CEC /* SwiftUIPracticeProgram1App.swift */ = {isa = PBXFileReference; lastKnownFileType = sourcecode.swift; path = SwiftUIPracticeProgram1App.swift; sourceTree = "<group>"; };
		86CE0F912BAC588800EE4CEC /* ContentView.swift */ = {isa = PBXFileReference; lastKnownFileType = sourcecode.swift; path = ContentView.swift; sourceTree = "<group>"; };
		86CE0F932BAC588A00EE4CEC /* Assets.xcassets */ = {isa = PBXFileReference; lastKnownFileType = folder.assetcatalog; path = Assets.xcassets; sourceTree = "<group>"; };
		86CE0F962BAC588A00EE4CEC /* Preview Assets.xcassets */ = {isa = PBXFileReference; lastKnownFileType = folder.assetcatalog; path = "Preview Assets.xcassets"; sourceTree = "<group>"; };
		86CE0F982BAC588A00EE4CEC /* Persistence.swift */ = {isa = PBXFileReference; lastKnownFileType = sourcecode.swift; path = Persistence.swift; sourceTree = "<group>"; };
		86CE0F9B2BAC588A00EE4CEC /* SwiftUIPracticeProgram1.xcdatamodel */ = {isa = PBXFileReference; lastKnownFileType = wrapper.xcdatamodel; path = SwiftUIPracticeProgram1.xcdatamodel; sourceTree = "<group>"; };
		86CE0FA22BAC5D2900EE4CEC /* TextTest.swift */ = {isa = PBXFileReference; lastKnownFileType = sourcecode.swift; path = TextTest.swift; sourceTree = "<group>"; };
		86D89D972E20B11D00BEA1C3 /* NavigationViewSwiftUI.swift */ = {isa = PBXFileReference; lastKnownFileType = sourcecode.swift; path = NavigationViewSwiftUI.swift; sourceTree = "<group>"; };
		86D89D992E234EEB00BEA1C3 /* ListSwiftUI.swift */ = {isa = PBXFileReference; lastKnownFileType = sourcecode.swift; path = ListSwiftUI.swift; sourceTree = "<group>"; };
		86DAF5C12C29B0A200EED5DB /* ScrollViewSwiftUI.swift */ = {isa = PBXFileReference; lastKnownFileType = sourcecode.swift; path = ScrollViewSwiftUI.swift; sourceTree = "<group>"; };
		86DAF5C32C2AC59000EED5DB /* GridSwiftUI.swift */ = {isa = PBXFileReference; lastKnownFileType = sourcecode.swift; path = GridSwiftUI.swift; sourceTree = "<group>"; };
/* End PBXFileReference section */

/* Begin PBXFrameworksBuildPhase section */
		86CE0F892BAC588800EE4CEC /* Frameworks */ = {
			isa = PBXFrameworksBuildPhase;
			buildActionMask = 2147483647;
			files = (
			);
			runOnlyForDeploymentPostprocessing = 0;
		};
/* End PBXFrameworksBuildPhase section */

/* Begin PBXGroup section */
		86CE0F832BAC588800EE4CEC = {
			isa = PBXGroup;
			children = (
				86CE0F8E2BAC588800EE4CEC /* SwiftUIPracticeProgram1 */,
				86CE0F8D2BAC588800EE4CEC /* Products */,
			);
			sourceTree = "<group>";
		};
		86CE0F8D2BAC588800EE4CEC /* Products */ = {
			isa = PBXGroup;
			children = (
				86CE0F8C2BAC588800EE4CEC /* SwiftUIPracticeProgram1.app */,
			);
			name = Products;
			sourceTree = "<group>";
		};
		86CE0F8E2BAC588800EE4CEC /* SwiftUIPracticeProgram1 */ = {
			isa = PBXGroup;
			children = (
				86CE0F8F2BAC588800EE4CEC /* SwiftUIPracticeProgram1App.swift */,
				86CE0F912BAC588800EE4CEC /* ContentView.swift */,
				86CE0FA22BAC5D2900EE4CEC /* TextTest.swift */,
				86CE0F982BAC588A00EE4CEC /* Persistence.swift */,
				8615F1262BC6841A00586AB9 /* ShapesSwiftUI.swift */,
				8615F1282BC6AB2500586AB9 /* ColorSwiftUI.swift */,
				869F729A2BC7F26A00B663E6 /* GradientColorSwiftUI.swift */,
				8619FFDC2BCD671F00A5684B /* IconSwiftUI.swift */,
				8619FFDE2BCE659F00A5684B /* ImageSwiftUI.swift */,
				8619FFE02BCE70BD00A5684B /* FrameSwiftUI.swift */,
				8619FFE22BCE8AE300A5684B /* BackgroundAndOverlaySwiftUI.swift */,
				8619FFE42BCEABCB00A5684B /* StacksSwiftUI.swift */,
				8619FFE82BD1261C00A5684B /* PaddingSwiftUI.swift */,
				8619FFEA2BD1263D00A5684B /* SpacerSwiftUI.swift */,
				8619FFEC2BD6538C00A5684B /* InitializerSwiftUI.swift */,
				8619FFEE2BD669CB00A5684B /* ForEachLoopSwiftUI.swift */,
				86DAF5C12C29B0A200EED5DB /* ScrollViewSwiftUI.swift */,
				86DAF5C32C2AC59000EED5DB /* GridSwiftUI.swift */,
				867462052D32709100602AAF /* SafeAreaSwiftUI.swift */,
				867462072D33DF2300602AAF /* ButtonsSwiftUI.swift */,
				8697E0BB2D42B81E008A31F7 /* StateSwiftUI.swift */,
				8697E1082D44D8AA008A31F7 /* ExtractedFunctionsSwiftUI.swift */,
				8697E10A2D44F0C1008A31F7 /* ExtractSubviewsSwiftUI.swift */,
				8697E10C2D4508A3008A31F7 /* BindingSwiftUI.swift */,
				8697E1242D4A7BF6008A31F7 /* ConditionalStatementSwiftUI.swift */,
				8697E1262D4A8A7C008A31F7 /* TernarySwiftUI.swift */,
				8697E1282D4B99F3008A31F7 /* AnimationSwiftUI.swift */,
				8697E12C2D512AA9008A31F7 /* TransitionSwiftUI.swift */,
				8697E12A2D4BAA94008A31F7 /* AnimationTimingSwiftUI.swift */,
				867ED6572E17F613004D38C6 /* SheetsSwiftUI.swift */,
				861A200E2E1EA9FE006F1878 /* PopoverSwiftUI.swift */,
				86D89D972E20B11D00BEA1C3 /* NavigationViewSwiftUI.swift */,
				86D89D992E234EEB00BEA1C3 /* ListSwiftUI.swift */,
				86CE0F932BAC588A00EE4CEC /* Assets.xcassets */,
				86CE0F9A2BAC588A00EE4CEC /* SwiftUIPracticeProgram1.xcdatamodeld */,
				86CE0F952BAC588A00EE4CEC /* Preview Content */,
			);
			path = SwiftUIPracticeProgram1;
			sourceTree = "<group>";
		};
		86CE0F952BAC588A00EE4CEC /* Preview Content */ = {
			isa = PBXGroup;
			children = (
				86CE0F962BAC588A00EE4CEC /* Preview Assets.xcassets */,
			);
			path = "Preview Content";
			sourceTree = "<group>";
		};
/* End PBXGroup section */

/* Begin PBXNativeTarget section */
		86CE0F8B2BAC588800EE4CEC /* SwiftUIPracticeProgram1 */ = {
			isa = PBXNativeTarget;
			buildConfigurationList = 86CE0F9F2BAC588A00EE4CEC /* Build configuration list for PBXNativeTarget "SwiftUIPracticeProgram1" */;
			buildPhases = (
				86CE0F882BAC588800EE4CEC /* Sources */,
				86CE0F892BAC588800EE4CEC /* Frameworks */,
				86CE0F8A2BAC588800EE4CEC /* Resources */,
			);
			buildRules = (
			);
			dependencies = (
			);
			name = SwiftUIPracticeProgram1;
			productName = SwiftUIPracticeProgram1;
			productReference = 86CE0F8C2BAC588800EE4CEC /* SwiftUIPracticeProgram1.app */;
			productType = "com.apple.product-type.application";
		};
/* End PBXNativeTarget section */

/* Begin PBXProject section */
		86CE0F842BAC588800EE4CEC /* Project object */ = {
			isa = PBXProject;
			attributes = {
				BuildIndependentTargetsInParallel = 1;
				LastSwiftUpdateCheck = 1520;
				LastUpgradeCheck = 1520;
				TargetAttributes = {
					86CE0F8B2BAC588800EE4CEC = {
						CreatedOnToolsVersion = 15.2;
					};
				};
			};
			buildConfigurationList = 86CE0F872BAC588800EE4CEC /* Build configuration list for PBXProject "SwiftUIPracticeProgram1" */;
			compatibilityVersion = "Xcode 14.0";
			developmentRegion = en;
			hasScannedForEncodings = 0;
			knownRegions = (
				en,
				Base,
			);
			mainGroup = 86CE0F832BAC588800EE4CEC;
			productRefGroup = 86CE0F8D2BAC588800EE4CEC /* Products */;
			projectDirPath = "";
			projectRoot = "";
			targets = (
				86CE0F8B2BAC588800EE4CEC /* SwiftUIPracticeProgram1 */,
			);
		};
/* End PBXProject section */

/* Begin PBXResourcesBuildPhase section */
		86CE0F8A2BAC588800EE4CEC /* Resources */ = {
			isa = PBXResourcesBuildPhase;
			buildActionMask = 2147483647;
			files = (
				86CE0F972BAC588A00EE4CEC /* Preview Assets.xcassets in Resources */,
				86CE0F942BAC588A00EE4CEC /* Assets.xcassets in Resources */,
			);
			runOnlyForDeploymentPostprocessing = 0;
		};
/* End PBXResourcesBuildPhase section */

/* Begin PBXSourcesBuildPhase section */
		86CE0F882BAC588800EE4CEC /* Sources */ = {
			isa = PBXSourcesBuildPhase;
			buildActionMask = 2147483647;
			files = (
				8619FFE32BCE8AE300A5684B /* BackgroundAndOverlaySwiftUI.swift in Sources */,
				8615F1292BC6AB2500586AB9 /* ColorSwiftUI.swift in Sources */,
				8697E10D2D4508A3008A31F7 /* BindingSwiftUI.swift in Sources */,
				8619FFED2BD6538C00A5684B /* InitializerSwiftUI.swift in Sources */,
				8697E12D2D512AA9008A31F7 /* TransitionSwiftUI.swift in Sources */,
				86D89D982E20B11D00BEA1C3 /* NavigationViewSwiftUI.swift in Sources */,
				861A200F2E1EA9FE006F1878 /* PopoverSwiftUI.swift in Sources */,
				86CE0F992BAC588A00EE4CEC /* Persistence.swift in Sources */,
				86CE0FA32BAC5D2900EE4CEC /* TextTest.swift in Sources */,
				86CE0F922BAC588800EE4CEC /* ContentView.swift in Sources */,
				867462082D33DF2400602AAF /* ButtonsSwiftUI.swift in Sources */,
				8697E1252D4A7BF6008A31F7 /* ConditionalStatementSwiftUI.swift in Sources */,
				8619FFEF2BD669CC00A5684B /* ForEachLoopSwiftUI.swift in Sources */,
				86DAF5C42C2AC59000EED5DB /* GridSwiftUI.swift in Sources */,
				8619FFE52BCEABCB00A5684B /* StacksSwiftUI.swift in Sources */,
				8615F1272BC6841A00586AB9 /* ShapesSwiftUI.swift in Sources */,
				867ED6582E17F613004D38C6 /* SheetsSwiftUI.swift in Sources */,
				86D89D9A2E234EEB00BEA1C3 /* ListSwiftUI.swift in Sources */,
				8619FFEB2BD1263D00A5684B /* SpacerSwiftUI.swift in Sources */,
				869F729B2BC7F26A00B663E6 /* GradientColorSwiftUI.swift in Sources */,
				8697E10B2D44F0C1008A31F7 /* ExtractSubviewsSwiftUI.swift in Sources */,
				86DAF5C22C29B0A200EED5DB /* ScrollViewSwiftUI.swift in Sources */,
				8619FFDD2BCD671F00A5684B /* IconSwiftUI.swift in Sources */,
				86CE0F902BAC588800EE4CEC /* SwiftUIPracticeProgram1App.swift in Sources */,
				8697E1092D44D8AA008A31F7 /* ExtractedFunctionsSwiftUI.swift in Sources */,
				867462062D32709100602AAF /* SafeAreaSwiftUI.swift in Sources */,
				8697E0BC2D42B81E008A31F7 /* StateSwiftUI.swift in Sources */,
				8619FFE12BCE70BD00A5684B /* FrameSwiftUI.swift in Sources */,
				8697E1272D4A8A7C008A31F7 /* TernarySwiftUI.swift in Sources */,
				8697E1292D4B99F3008A31F7 /* AnimationSwiftUI.swift in Sources */,
				8619FFE92BD1261C00A5684B /* PaddingSwiftUI.swift in Sources */,
				86CE0F9C2BAC588A00EE4CEC /* SwiftUIPracticeProgram1.xcdatamodeld in Sources */,
				8619FFDF2BCE659F00A5684B /* ImageSwiftUI.swift in Sources */,
				8697E12B2D4BAA94008A31F7 /* AnimationTimingSwiftUI.swift in Sources */,
			);
			runOnlyForDeploymentPostprocessing = 0;
		};
/* End PBXSourcesBuildPhase section */

/* Begin XCBuildConfiguration section */
		86CE0F9D2BAC588A00EE4CEC /* Debug */ = {
			isa = XCBuildConfiguration;
			buildSettings = {
				ALWAYS_SEARCH_USER_PATHS = NO;
				ASSETCATALOG_COMPILER_GENERATE_SWIFT_ASSET_SYMBOL_EXTENSIONS = YES;
				CLANG_ANALYZER_NONNULL = YES;
				CLANG_ANALYZER_NUMBER_OBJECT_CONVERSION = YES_AGGRESSIVE;
				CLANG_CXX_LANGUAGE_STANDARD = "gnu++20";
				CLANG_ENABLE_MODULES = YES;
				CLANG_ENABLE_OBJC_ARC = YES;
				CLANG_ENABLE_OBJC_WEAK = YES;
				CLANG_WARN_BLOCK_CAPTURE_AUTORELEASING = YES;
				CLANG_WARN_BOOL_CONVERSION = YES;
				CLANG_WARN_COMMA = YES;
				CLANG_WARN_CONSTANT_CONVERSION = YES;
				CLANG_WARN_DEPRECATED_OBJC_IMPLEMENTATIONS = YES;
				CLANG_WARN_DIRECT_OBJC_ISA_USAGE = YES_ERROR;
				CLANG_WARN_DOCUMENTATION_COMMENTS = YES;
				CLANG_WARN_EMPTY_BODY = YES;
				CLANG_WARN_ENUM_CONVERSION = YES;
				CLANG_WARN_INFINITE_RECURSION = YES;
				CLANG_WARN_INT_CONVERSION = YES;
				CLANG_WARN_NON_LITERAL_NULL_CONVERSION = YES;
				CLANG_WARN_OBJC_IMPLICIT_RETAIN_SELF = YES;
				CLANG_WARN_OBJC_LITERAL_CONVERSION = YES;
				CLANG_WARN_OBJC_ROOT_CLASS = YES_ERROR;
				CLANG_WARN_QUOTED_INCLUDE_IN_FRAMEWORK_HEADER = YES;
				CLANG_WARN_RANGE_LOOP_ANALYSIS = YES;
				CLANG_WARN_STRICT_PROTOTYPES = YES;
				CLANG_WARN_SUSPICIOUS_MOVE = YES;
				CLANG_WARN_UNGUARDED_AVAILABILITY = YES_AGGRESSIVE;
				CLANG_WARN_UNREACHABLE_CODE = YES;
				CLANG_WARN__DUPLICATE_METHOD_MATCH = YES;
				COPY_PHASE_STRIP = NO;
				DEBUG_INFORMATION_FORMAT = dwarf;
				ENABLE_STRICT_OBJC_MSGSEND = YES;
				ENABLE_TESTABILITY = YES;
				ENABLE_USER_SCRIPT_SANDBOXING = YES;
				GCC_C_LANGUAGE_STANDARD = gnu17;
				GCC_DYNAMIC_NO_PIC = NO;
				GCC_NO_COMMON_BLOCKS = YES;
				GCC_OPTIMIZATION_LEVEL = 0;
				GCC_PREPROCESSOR_DEFINITIONS = (
					"DEBUG=1",
					"$(inherited)",
				);
				GCC_WARN_64_TO_32_BIT_CONVERSION = YES;
				GCC_WARN_ABOUT_RETURN_TYPE = YES_ERROR;
				GCC_WARN_UNDECLARED_SELECTOR = YES;
				GCC_WARN_UNINITIALIZED_AUTOS = YES_AGGRESSIVE;
				GCC_WARN_UNUSED_FUNCTION = YES;
				GCC_WARN_UNUSED_VARIABLE = YES;
				IPHONEOS_DEPLOYMENT_TARGET = 17.2;
				LOCALIZATION_PREFERS_STRING_CATALOGS = YES;
				MTL_ENABLE_DEBUG_INFO = INCLUDE_SOURCE;
				MTL_FAST_MATH = YES;
				ONLY_ACTIVE_ARCH = YES;
				SDKROOT = iphoneos;
				SWIFT_ACTIVE_COMPILATION_CONDITIONS = "DEBUG $(inherited)";
				SWIFT_OPTIMIZATION_LEVEL = "-Onone";
			};
			name = Debug;
		};
		86CE0F9E2BAC588A00EE4CEC /* Release */ = {
			isa = XCBuildConfiguration;
			buildSettings = {
				ALWAYS_SEARCH_USER_PATHS = NO;
				ASSETCATALOG_COMPILER_GENERATE_SWIFT_ASSET_SYMBOL_EXTENSIONS = YES;
				CLANG_ANALYZER_NONNULL = YES;
				CLANG_ANALYZER_NUMBER_OBJECT_CONVERSION = YES_AGGRESSIVE;
				CLANG_CXX_LANGUAGE_STANDARD = "gnu++20";
				CLANG_ENABLE_MODULES = YES;
				CLANG_ENABLE_OBJC_ARC = YES;
				CLANG_ENABLE_OBJC_WEAK = YES;
				CLANG_WARN_BLOCK_CAPTURE_AUTORELEASING = YES;
				CLANG_WARN_BOOL_CONVERSION = YES;
				CLANG_WARN_COMMA = YES;
				CLANG_WARN_CONSTANT_CONVERSION = YES;
				CLANG_WARN_DEPRECATED_OBJC_IMPLEMENTATIONS = YES;
				CLANG_WARN_DIRECT_OBJC_ISA_USAGE = YES_ERROR;
				CLANG_WARN_DOCUMENTATION_COMMENTS = YES;
				CLANG_WARN_EMPTY_BODY = YES;
				CLANG_WARN_ENUM_CONVERSION = YES;
				CLANG_WARN_INFINITE_RECURSION = YES;
				CLANG_WARN_INT_CONVERSION = YES;
				CLANG_WARN_NON_LITERAL_NULL_CONVERSION = YES;
				CLANG_WARN_OBJC_IMPLICIT_RETAIN_SELF = YES;
				CLANG_WARN_OBJC_LITERAL_CONVERSION = YES;
				CLANG_WARN_OBJC_ROOT_CLASS = YES_ERROR;
				CLANG_WARN_QUOTED_INCLUDE_IN_FRAMEWORK_HEADER = YES;
				CLANG_WARN_RANGE_LOOP_ANALYSIS = YES;
				CLANG_WARN_STRICT_PROTOTYPES = YES;
				CLANG_WARN_SUSPICIOUS_MOVE = YES;
				CLANG_WARN_UNGUARDED_AVAILABILITY = YES_AGGRESSIVE;
				CLANG_WARN_UNREACHABLE_CODE = YES;
				CLANG_WARN__DUPLICATE_METHOD_MATCH = YES;
				COPY_PHASE_STRIP = NO;
				DEBUG_INFORMATION_FORMAT = "dwarf-with-dsym";
				ENABLE_NS_ASSERTIONS = NO;
				ENABLE_STRICT_OBJC_MSGSEND = YES;
				ENABLE_USER_SCRIPT_SANDBOXING = YES;
				GCC_C_LANGUAGE_STANDARD = gnu17;
				GCC_NO_COMMON_BLOCKS = YES;
				GCC_WARN_64_TO_32_BIT_CONVERSION = YES;
				GCC_WARN_ABOUT_RETURN_TYPE = YES_ERROR;
				GCC_WARN_UNDECLARED_SELECTOR = YES;
				GCC_WARN_UNINITIALIZED_AUTOS = YES_AGGRESSIVE;
				GCC_WARN_UNUSED_FUNCTION = YES;
				GCC_WARN_UNUSED_VARIABLE = YES;
				IPHONEOS_DEPLOYMENT_TARGET = 17.2;
				LOCALIZATION_PREFERS_STRING_CATALOGS = YES;
				MTL_ENABLE_DEBUG_INFO = NO;
				MTL_FAST_MATH = YES;
				SDKROOT = iphoneos;
				SWIFT_COMPILATION_MODE = wholemodule;
				VALIDATE_PRODUCT = YES;
			};
			name = Release;
		};
		86CE0FA02BAC588A00EE4CEC /* Debug */ = {
			isa = XCBuildConfiguration;
			buildSettings = {
				ASSETCATALOG_COMPILER_APPICON_NAME = AppIcon;
				ASSETCATALOG_COMPILER_GLOBAL_ACCENT_COLOR_NAME = AccentColor;
				CODE_SIGN_STYLE = Automatic;
				CURRENT_PROJECT_VERSION = 1;
				DEVELOPMENT_ASSET_PATHS = "\"SwiftUIPracticeProgram1/Preview Content\"";
				DEVELOPMENT_TEAM = DQXV2AHZWT;
				ENABLE_PREVIEWS = YES;
				GENERATE_INFOPLIST_FILE = YES;
				INFOPLIST_KEY_UIApplicationSceneManifest_Generation = YES;
				INFOPLIST_KEY_UIApplicationSupportsIndirectInputEvents = YES;
				INFOPLIST_KEY_UILaunchScreen_Generation = YES;
				INFOPLIST_KEY_UISupportedInterfaceOrientations_iPad = "UIInterfaceOrientationPortrait UIInterfaceOrientationPortraitUpsideDown UIInterfaceOrientationLandscapeLeft UIInterfaceOrientationLandscapeRight";
				INFOPLIST_KEY_UISupportedInterfaceOrientations_iPhone = "UIInterfaceOrientationPortrait UIInterfaceOrientationLandscapeLeft UIInterfaceOrientationLandscapeRight";
				LD_RUNPATH_SEARCH_PATHS = (
					"$(inherited)",
					"@executable_path/Frameworks",
				);
				MARKETING_VERSION = 1.0;
				PRODUCT_BUNDLE_IDENTIFIER = com.Sikarwar.SwiftUIPracticeProgram1;
				PRODUCT_NAME = "$(TARGET_NAME)";
				SWIFT_EMIT_LOC_STRINGS = YES;
				SWIFT_VERSION = 5.0;
				TARGETED_DEVICE_FAMILY = "1,2";
			};
			name = Debug;
		};
		86CE0FA12BAC588A00EE4CEC /* Release */ = {
			isa = XCBuildConfiguration;
			buildSettings = {
				ASSETCATALOG_COMPILER_APPICON_NAME = AppIcon;
				ASSETCATALOG_COMPILER_GLOBAL_ACCENT_COLOR_NAME = AccentColor;
				CODE_SIGN_STYLE = Automatic;
				CURRENT_PROJECT_VERSION = 1;
				DEVELOPMENT_ASSET_PATHS = "\"SwiftUIPracticeProgram1/Preview Content\"";
				DEVELOPMENT_TEAM = DQXV2AHZWT;
				ENABLE_PREVIEWS = YES;
				GENERATE_INFOPLIST_FILE = YES;
				INFOPLIST_KEY_UIApplicationSceneManifest_Generation = YES;
				INFOPLIST_KEY_UIApplicationSupportsIndirectInputEvents = YES;
				INFOPLIST_KEY_UILaunchScreen_Generation = YES;
				INFOPLIST_KEY_UISupportedInterfaceOrientations_iPad = "UIInterfaceOrientationPortrait UIInterfaceOrientationPortraitUpsideDown UIInterfaceOrientationLandscapeLeft UIInterfaceOrientationLandscapeRight";
				INFOPLIST_KEY_UISupportedInterfaceOrientations_iPhone = "UIInterfaceOrientationPortrait UIInterfaceOrientationLandscapeLeft UIInterfaceOrientationLandscapeRight";
				LD_RUNPATH_SEARCH_PATHS = (
					"$(inherited)",
					"@executable_path/Frameworks",
				);
				MARKETING_VERSION = 1.0;
				PRODUCT_BUNDLE_IDENTIFIER = com.Sikarwar.SwiftUIPracticeProgram1;
				PRODUCT_NAME = "$(TARGET_NAME)";
				SWIFT_EMIT_LOC_STRINGS = YES;
				SWIFT_VERSION = 5.0;
				TARGETED_DEVICE_FAMILY = "1,2";
			};
			name = Release;
		};
/* End XCBuildConfiguration section */

/* Begin XCConfigurationList section */
		86CE0F872BAC588800EE4CEC /* Build configuration list for PBXProject "SwiftUIPracticeProgram1" */ = {
			isa = XCConfigurationList;
			buildConfigurations = (
				86CE0F9D2BAC588A00EE4CEC /* Debug */,
				86CE0F9E2BAC588A00EE4CEC /* Release */,
			);
			defaultConfigurationIsVisible = 0;
			defaultConfigurationName = Release;
		};
		86CE0F9F2BAC588A00EE4CEC /* Build configuration list for PBXNativeTarget "SwiftUIPracticeProgram1" */ = {
			isa = XCConfigurationList;
			buildConfigurations = (
				86CE0FA02BAC588A00EE4CEC /* Debug */,
				86CE0FA12BAC588A00EE4CEC /* Release */,
			);
			defaultConfigurationIsVisible = 0;
			defaultConfigurationName = Release;
		};
/* End XCConfigurationList section */

/* Begin XCVersionGroup section */
		86CE0F9A2BAC588A00EE4CEC /* SwiftUIPracticeProgram1.xcdatamodeld */ = {
			isa = XCVersionGroup;
			children = (
				86CE0F9B2BAC588A00EE4CEC /* SwiftUIPracticeProgram1.xcdatamodel */,
			);
			currentVersion = 86CE0F9B2BAC588A00EE4CEC /* SwiftUIPracticeProgram1.xcdatamodel */;
			path = SwiftUIPracticeProgram1.xcdatamodeld;
			sourceTree = "<group>";
			versionGroupType = wrapper.xcdatamodel;
		};
/* End XCVersionGroup section */
	};
	rootObject = 86CE0F842BAC588800EE4CEC /* Project object */;
}
